// !$*UTF8*$!
{
	archiveVersion = 1;
	classes = {
	};
	objectVersion = 46;
	objects = {

/* Begin PBXBuildFile section */
		550A88281DFC6169004C91A0 /* AppDelegate.swift in Sources */ = {isa = PBXBuildFile; fileRef = 550A88271DFC6169004C91A0 /* AppDelegate.swift */; };
		550A882A1DFC6169004C91A0 /* ViewController.swift in Sources */ = {isa = PBXBuildFile; fileRef = 550A88291DFC6169004C91A0 /* ViewController.swift */; };
		550A882D1DFC6169004C91A0 /* Main.storyboard in Resources */ = {isa = PBXBuildFile; fileRef = 550A882B1DFC6169004C91A0 /* Main.storyboard */; };
		550A882F1DFC6169004C91A0 /* Assets.xcassets in Resources */ = {isa = PBXBuildFile; fileRef = 550A882E1DFC6169004C91A0 /* Assets.xcassets */; };
		550A88321DFC6169004C91A0 /* LaunchScreen.storyboard in Resources */ = {isa = PBXBuildFile; fileRef = 550A88301DFC6169004C91A0 /* LaunchScreen.storyboard */; };
		550A883A1DFC66E3004C91A0 /* test.mp4 in Resources */ = {isa = PBXBuildFile; fileRef = 550A88391DFC66E3004C91A0 /* test.mp4 */; };
		7788A0FD54BC67835EB6FEAD /* Pods_videoeditor.framework in Frameworks */ = {isa = PBXBuildFile; fileRef = 4538DA4A9A3B1501594BEF42 /* Pods_videoeditor.framework */; };
/* End PBXBuildFile section */

/* Begin PBXFileReference section */
		36212E15E0CFAD128928F3BE /* Pods-videoeditor.release.xcconfig */ = {isa = PBXFileReference; includeInIndex = 1; lastKnownFileType = text.xcconfig; name = "Pods-videoeditor.release.xcconfig"; path = "Pods/Target Support Files/Pods-videoeditor/Pods-videoeditor.release.xcconfig"; sourceTree = "<group>"; };
		4538DA4A9A3B1501594BEF42 /* Pods_videoeditor.framework */ = {isa = PBXFileReference; explicitFileType = wrapper.framework; includeInIndex = 0; path = Pods_videoeditor.framework; sourceTree = BUILT_PRODUCTS_DIR; };
		550A88241DFC6169004C91A0 /* videoeditor.app */ = {isa = PBXFileReference; explicitFileType = wrapper.application; includeInIndex = 0; path = videoeditor.app; sourceTree = BUILT_PRODUCTS_DIR; };
		550A88271DFC6169004C91A0 /* AppDelegate.swift */ = {isa = PBXFileReference; lastKnownFileType = sourcecode.swift; path = AppDelegate.swift; sourceTree = "<group>"; };
		550A88291DFC6169004C91A0 /* ViewController.swift */ = {isa = PBXFileReference; lastKnownFileType = sourcecode.swift; path = ViewController.swift; sourceTree = "<group>"; };
		550A882C1DFC6169004C91A0 /* Base */ = {isa = PBXFileReference; lastKnownFileType = file.storyboard; name = Base; path = Base.lproj/Main.storyboard; sourceTree = "<group>"; };
		550A882E1DFC6169004C91A0 /* Assets.xcassets */ = {isa = PBXFileReference; lastKnownFileType = folder.assetcatalog; path = Assets.xcassets; sourceTree = "<group>"; };
		550A88311DFC6169004C91A0 /* Base */ = {isa = PBXFileReference; lastKnownFileType = file.storyboard; name = Base; path = Base.lproj/LaunchScreen.storyboard; sourceTree = "<group>"; };
		550A88331DFC6169004C91A0 /* Info.plist */ = {isa = PBXFileReference; lastKnownFileType = text.plist.xml; path = Info.plist; sourceTree = "<group>"; };
		550A88391DFC66E3004C91A0 /* test.mp4 */ = {isa = PBXFileReference; lastKnownFileType = file; path = test.mp4; sourceTree = "<group>"; };
		91A6897691DCB3F92C652140 /* Pods-videoeditor.debug.xcconfig */ = {isa = PBXFileReference; includeInIndex = 1; lastKnownFileType = text.xcconfig; name = "Pods-videoeditor.debug.xcconfig"; path = "Pods/Target Support Files/Pods-videoeditor/Pods-videoeditor.debug.xcconfig"; sourceTree = "<group>"; };
/* End PBXFileReference section */

/* Begin PBXFrameworksBuildPhase section */
		550A88211DFC6169004C91A0 /* Frameworks */ = {
			isa = PBXFrameworksBuildPhase;
			buildActionMask = 2147483647;
			files = (
				7788A0FD54BC67835EB6FEAD /* Pods_videoeditor.framework in Frameworks */,
			);
			runOnlyForDeploymentPostprocessing = 0;
		};
/* End PBXFrameworksBuildPhase section */

/* Begin PBXGroup section */
		1AA12EC2A32D8CF23C7D2136 /* Pods */ = {
			isa = PBXGroup;
			children = (
				91A6897691DCB3F92C652140 /* Pods-videoeditor.debug.xcconfig */,
				36212E15E0CFAD128928F3BE /* Pods-videoeditor.release.xcconfig */,
			);
			name = Pods;
			sourceTree = "<group>";
		};
		550A881B1DFC6169004C91A0 = {
			isa = PBXGroup;
			children = (
				550A88261DFC6169004C91A0 /* videoeditor */,
				550A88251DFC6169004C91A0 /* Products */,
				1AA12EC2A32D8CF23C7D2136 /* Pods */,
				60EBB86D968E7583AF6590A8 /* Frameworks */,
			);
			sourceTree = "<group>";
		};
		550A88251DFC6169004C91A0 /* Products */ = {
			isa = PBXGroup;
			children = (
				550A88241DFC6169004C91A0 /* videoeditor.app */,
			);
			name = Products;
			sourceTree = "<group>";
		};
		550A88261DFC6169004C91A0 /* videoeditor */ = {
			isa = PBXGroup;
			children = (
				550A88271DFC6169004C91A0 /* AppDelegate.swift */,
				550A88291DFC6169004C91A0 /* ViewController.swift */,
				550A882B1DFC6169004C91A0 /* Main.storyboard */,
				550A882E1DFC6169004C91A0 /* Assets.xcassets */,
				550A88391DFC66E3004C91A0 /* test.mp4 */,
				550A88301DFC6169004C91A0 /* LaunchScreen.storyboard */,
				550A88331DFC6169004C91A0 /* Info.plist */,
			);
			path = videoeditor;
			sourceTree = "<group>";
		};
		60EBB86D968E7583AF6590A8 /* Frameworks */ = {
			isa = PBXGroup;
			children = (
				4538DA4A9A3B1501594BEF42 /* Pods_videoeditor.framework */,
			);
			name = Frameworks;
			sourceTree = "<group>";
		};
/* End PBXGroup section */

/* Begin PBXNativeTarget section */
		550A88231DFC6169004C91A0 /* videoeditor */ = {
			isa = PBXNativeTarget;
			buildConfigurationList = 550A88361DFC6169004C91A0 /* Build configuration list for PBXNativeTarget "videoeditor" */;
			buildPhases = (
				C5AF873F916BCEADD2D6EDA0 /* [CP] Check Pods Manifest.lock */,
				550A88201DFC6169004C91A0 /* Sources */,
				550A88211DFC6169004C91A0 /* Frameworks */,
				550A88221DFC6169004C91A0 /* Resources */,
				1FA7FE192BEAFECB7D4E1C37 /* [CP] Embed Pods Frameworks */,
				3553B6458E40536C3A19E99B /* [CP] Copy Pods Resources */,
			);
			buildRules = (
			);
			dependencies = (
			);
			name = videoeditor;
			productName = videoeditor;
			productReference = 550A88241DFC6169004C91A0 /* videoeditor.app */;
			productType = "com.apple.product-type.application";
		};
/* End PBXNativeTarget section */

/* Begin PBXProject section */
		550A881C1DFC6169004C91A0 /* Project object */ = {
			isa = PBXProject;
			attributes = {
				LastSwiftUpdateCheck = 0810;
				LastUpgradeCheck = 0810;
				ORGANIZATIONNAME = appsboulevard;
				TargetAttributes = {
					550A88231DFC6169004C91A0 = {
						CreatedOnToolsVersion = 8.1;
						DevelopmentTeam = UH5C7ZL9LD;
						ProvisioningStyle = Automatic;
					};
				};
			};
			buildConfigurationList = 550A881F1DFC6169004C91A0 /* Build configuration list for PBXProject "videoeditor" */;
			compatibilityVersion = "Xcode 3.2";
			developmentRegion = English;
			hasScannedForEncodings = 0;
			knownRegions = (
				en,
				Base,
			);
			mainGroup = 550A881B1DFC6169004C91A0;
			productRefGroup = 550A88251DFC6169004C91A0 /* Products */;
			projectDirPath = "";
			projectRoot = "";
			targets = (
				550A88231DFC6169004C91A0 /* videoeditor */,
			);
		};
/* End PBXProject section */

/* Begin PBXResourcesBuildPhase section */
		550A88221DFC6169004C91A0 /* Resources */ = {
			isa = PBXResourcesBuildPhase;
			buildActionMask = 2147483647;
			files = (
				550A88321DFC6169004C91A0 /* LaunchScreen.storyboard in Resources */,
				550A882F1DFC6169004C91A0 /* Assets.xcassets in Resources */,
				550A882D1DFC6169004C91A0 /* Main.storyboard in Resources */,
				550A883A1DFC66E3004C91A0 /* test.mp4 in Resources */,
			);
			runOnlyForDeploymentPostprocessing = 0;
		};
/* End PBXResourcesBuildPhase section */

/* Begin PBXShellScriptBuildPhase section */
		1FA7FE192BEAFECB7D4E1C37 /* [CP] Embed Pods Frameworks */ = {
			isa = PBXShellScriptBuildPhase;
			buildActionMask = 2147483647;
			files = (
			);
			inputPaths = (
			);
			name = "[CP] Embed Pods Frameworks";
			outputPaths = (
			);
			runOnlyForDeploymentPostprocessing = 0;
			shellPath = /bin/sh;
			shellScript = "\"${SRCROOT}/Pods/Target Support Files/Pods-videoeditor/Pods-videoeditor-frameworks.sh\"\n";
			showEnvVarsInLog = 0;
		};
		3553B6458E40536C3A19E99B /* [CP] Copy Pods Resources */ = {
			isa = PBXShellScriptBuildPhase;
			buildActionMask = 2147483647;
			files = (
			);
			inputPaths = (
			);
			name = "[CP] Copy Pods Resources";
			outputPaths = (
			);
			runOnlyForDeploymentPostprocessing = 0;
			shellPath = /bin/sh;
			shellScript = "\"${SRCROOT}/Pods/Target Support Files/Pods-videoeditor/Pods-videoeditor-resources.sh\"\n";
			showEnvVarsInLog = 0;
		};
		C5AF873F916BCEADD2D6EDA0 /* [CP] Check Pods Manifest.lock */ = {
			isa = PBXShellScriptBuildPhase;
			buildActionMask = 2147483647;
			files = (
			);
			inputPaths = (
			);
			name = "[CP] Check Pods Manifest.lock";
			outputPaths = (
			);
			runOnlyForDeploymentPostprocessing = 0;
			shellPath = /bin/sh;
			shellScript = "diff \"${PODS_ROOT}/../Podfile.lock\" \"${PODS_ROOT}/Manifest.lock\" > /dev/null\nif [ $? != 0 ] ; then\n    # print error to STDERR\n    echo \"error: The sandbox is not in sync with the Podfile.lock. Run 'pod install' or update your CocoaPods installation.\" >&2\n    exit 1\nfi\n";
			showEnvVarsInLog = 0;
		};
/* End PBXShellScriptBuildPhase section */

/* Begin PBXSourcesBuildPhase section */
		550A88201DFC6169004C91A0 /* Sources */ = {
			isa = PBXSourcesBuildPhase;
			buildActionMask = 2147483647;
			files = (
				550A882A1DFC6169004C91A0 /* ViewController.swift in Sources */,
				550A88281DFC6169004C91A0 /* AppDelegate.swift in Sources */,
			);
			runOnlyForDeploymentPostprocessing = 0;
		};
/* End PBXSourcesBuildPhase section */

/* Begin PBXVariantGroup section */
		550A882B1DFC6169004C91A0 /* Main.storyboard */ = {
			isa = PBXVariantGroup;
			children = (
				550A882C1DFC6169004C91A0 /* Base */,
			);
			name = Main.storyboard;
			sourceTree = "<group>";
		};
		550A88301DFC6169004C91A0 /* LaunchScreen.storyboard */ = {
			isa = PBXVariantGroup;
			children = (
				550A88311DFC6169004C91A0 /* Base */,
			);
			name = LaunchScreen.storyboard;
			sourceTree = "<group>";
		};
/* End PBXVariantGroup section */

/* Begin XCBuildConfiguration section */
		550A88341DFC6169004C91A0 /* Debug */ = {
			isa = XCBuildConfiguration;
			buildSettings = {
				ALWAYS_SEARCH_USER_PATHS = NO;
				CLANG_ANALYZER_NONNULL = YES;
				CLANG_CXX_LANGUAGE_STANDARD = "gnu++0x";
				CLANG_CXX_LIBRARY = "libc++";
				CLANG_ENABLE_MODULES = YES;
				CLANG_ENABLE_OBJC_ARC = YES;
				CLANG_WARN_BOOL_CONVERSION = YES;
				CLANG_WARN_CONSTANT_CONVERSION = YES;
				CLANG_WARN_DIRECT_OBJC_ISA_USAGE = YES_ERROR;
				CLANG_WARN_DOCUMENTATION_COMMENTS = YES;
				CLANG_WARN_EMPTY_BODY = YES;
				CLANG_WARN_ENUM_CONVERSION = YES;
				CLANG_WARN_INFINITE_RECURSION = YES;
				CLANG_WARN_INT_CONVERSION = YES;
				CLANG_WARN_OBJC_ROOT_CLASS = YES_ERROR;
				CLANG_WARN_SUSPICIOUS_MOVES = YES;
				CLANG_WARN_UNREACHABLE_CODE = YES;
				CLANG_WARN__DUPLICATE_METHOD_MATCH = YES;
				"CODE_SIGN_IDENTITY[sdk=iphoneos*]" = "iPhone Developer";
				COPY_PHASE_STRIP = NO;
				DEBUG_INFORMATION_FORMAT = dwarf;
				ENABLE_STRICT_OBJC_MSGSEND = YES;
				ENABLE_TESTABILITY = YES;
				GCC_C_LANGUAGE_STANDARD = gnu99;
				GCC_DYNAMIC_NO_PIC = NO;
				GCC_NO_COMMON_BLOCKS = YES;
				GCC_OPTIMIZATION_LEVEL = 0;
				GCC_PREPROCESSOR_DEFINITIONS = (
					"DEBUG=1",
					"$(inherited)",
				);
				GCC_WARN_64_TO_32_BIT_CONVERSION = YES;
				GCC_WARN_ABOUT_RETURN_TYPE = YES_ERROR;
				GCC_WARN_UNDECLARED_SELECTOR = YES;
				GCC_WARN_UNINITIALIZED_AUTOS = YES_AGGRESSIVE;
				GCC_WARN_UNUSED_FUNCTION = YES;
				GCC_WARN_UNUSED_VARIABLE = YES;
				IPHONEOS_DEPLOYMENT_TARGET = 10.1;
				MTL_ENABLE_DEBUG_INFO = YES;
				ONLY_ACTIVE_ARCH = YES;
				SDKROOT = iphoneos;
				SWIFT_ACTIVE_COMPILATION_CONDITIONS = DEBUG;
				SWIFT_OPTIMIZATION_LEVEL = "-Onone";
				TARGETED_DEVICE_FAMILY = "1,2";
			};
			name = Debug;
		};
		550A88351DFC6169004C91A0 /* Release */ = {
			isa = XCBuildConfiguration;
			buildSettings = {
				ALWAYS_SEARCH_USER_PATHS = NO;
				CLANG_ANALYZER_NONNULL = YES;
				CLANG_CXX_LANGUAGE_STANDARD = "gnu++0x";
				CLANG_CXX_LIBRARY = "libc++";
				CLANG_ENABLE_MODULES = YES;
				CLANG_ENABLE_OBJC_ARC = YES;
				CLANG_WARN_BOOL_CONVERSION = YES;
				CLANG_WARN_CONSTANT_CONVERSION = YES;
				CLANG_WARN_DIRECT_OBJC_ISA_USAGE = YES_ERROR;
				CLANG_WARN_DOCUMENTATION_COMMENTS = YES;
				CLANG_WARN_EMPTY_BODY = YES;
				CLANG_WARN_ENUM_CONVERSION = YES;
				CLANG_WARN_INFINITE_RECURSION = YES;
				CLANG_WARN_INT_CONVERSION = YES;
				CLANG_WARN_OBJC_ROOT_CLASS = YES_ERROR;
				CLANG_WARN_SUSPICIOUS_MOVES = YES;
				CLANG_WARN_UNREACHABLE_CODE = YES;
				CLANG_WARN__DUPLICATE_METHOD_MATCH = YES;
				"CODE_SIGN_IDENTITY[sdk=iphoneos*]" = "iPhone Developer";
				COPY_PHASE_STRIP = NO;
				DEBUG_INFORMATION_FORMAT = "dwarf-with-dsym";
				ENABLE_NS_ASSERTIONS = NO;
				ENABLE_STRICT_OBJC_MSGSEND = YES;
				GCC_C_LANGUAGE_STANDARD = gnu99;
				GCC_NO_COMMON_BLOCKS = YES;
				GCC_WARN_64_TO_32_BIT_CONVERSION = YES;
				GCC_WARN_ABOUT_RETURN_TYPE = YES_ERROR;
				GCC_WARN_UNDECLARED_SELECTOR = YES;
				GCC_WARN_UNINITIALIZED_AUTOS = YES_AGGRESSIVE;
				GCC_WARN_UNUSED_FUNCTION = YES;
				GCC_WARN_UNUSED_VARIABLE = YES;
				IPHONEOS_DEPLOYMENT_TARGET = 10.1;
				MTL_ENABLE_DEBUG_INFO = NO;
				SDKROOT = iphoneos;
				SWIFT_OPTIMIZATION_LEVEL = "-Owholemodule";
				TARGETED_DEVICE_FAMILY = "1,2";
				VALIDATE_PRODUCT = YES;
			};
			name = Release;
		};
		550A88371DFC6169004C91A0 /* Debug */ = {
			isa = XCBuildConfiguration;
			baseConfigurationReference = 91A6897691DCB3F92C652140 /* Pods-videoeditor.debug.xcconfig */;
			buildSettings = {
				ASSETCATALOG_COMPILER_APPICON_NAME = AppIcon;
				DEVELOPMENT_TEAM = UH5C7ZL9LD;
				INFOPLIST_FILE = videoeditor/Info.plist;
				LD_RUNPATH_SEARCH_PATHS = "$(inherited) @executable_path/Frameworks";
				PRODUCT_BUNDLE_IDENTIFIER = com.appsboulevard.videoeditor;
				PRODUCT_NAME = "$(TARGET_NAME)";
				SWIFT_VERSION = 3.0;
			};
			name = Debug;
		};
		550A88381DFC6169004C91A0 /* Release */ = {
			isa = XCBuildConfiguration;
			baseConfigurationReference = 36212E15E0CFAD128928F3BE /* Pods-videoeditor.release.xcconfig */;
			buildSettings = {
				ASSETCATALOG_COMPILER_APPICON_NAME = AppIcon;
				DEVELOPMENT_TEAM = UH5C7ZL9LD;
				INFOPLIST_FILE = videoeditor/Info.plist;
				LD_RUNPATH_SEARCH_PATHS = "$(inherited) @executable_path/Frameworks";
				PRODUCT_BUNDLE_IDENTIFIER = com.appsboulevard.videoeditor;
				PRODUCT_NAME = "$(TARGET_NAME)";
				SWIFT_VERSION = 3.0;
			};
			name = Release;
		};
/* End XCBuildConfiguration section */

/* Begin XCConfigurationList section */
		550A881F1DFC6169004C91A0 /* Build configuration list for PBXProject "videoeditor" */ = {
			isa = XCConfigurationList;
			buildConfigurations = (
				550A88341DFC6169004C91A0 /* Debug */,
				550A88351DFC6169004C91A0 /* Release */,
			);
			defaultConfigurationIsVisible = 0;
			defaultConfigurationName = Release;
		};
		550A88361DFC6169004C91A0 /* Build configuration list for PBXNativeTarget "videoeditor" */ = {
			isa = XCConfigurationList;
			buildConfigurations = (
				550A88371DFC6169004C91A0 /* Debug */,
				550A88381DFC6169004C91A0 /* Release */,
			);
			defaultConfigurationIsVisible = 0;
		};
/* End XCConfigurationList section */
	};
	rootObject = 550A881C1DFC6169004C91A0 /* Project object */;
}
